
Microsoft Visual Studio Solution File, Format Version 12.00
# Visual Studio Version 17
VisualStudioVersion = 17.3.32825.248
MinimumVisualStudioVersion = 10.0.40219.1
Project("{9A19103F-16F7-4668-BE54-9A1E7A4F7556}") = "RestaurantsApplication.MVC", "RestaurantsApplication.MVC\RestaurantsApplication.MVC.csproj", "{F29561EB-FE48-481F-AB74-3805D14D9568}"
EndProject
Project("{9A19103F-16F7-4668-BE54-9A1E7A4F7556}") = "RestaurantsApplication.Data", "RestaurantsApplication.Data\RestaurantsApplication.Data.csproj", "{A7FFFE10-7611-48F3-9D68-B9337E929C69}"
EndProject
Project("{FAE04EC0-301F-11D3-BF4B-00C04F79EFBC}") = "RestaurantsApplication.DTOs", "RestaurantsApplication.DTOs\RestaurantsApplication.DTOs.csproj", "{35483A02-4434-43CE-B158-0E6A7A649A0A}"
EndProject
Project("{FAE04EC0-301F-11D3-BF4B-00C04F79EFBC}") = "RestaurantsApplication.Services", "RestaurantsApplication.Services\RestaurantsApplication.Services.csproj", "{CFA3F2AC-B5E5-4EE9-97C5-A8DCBCF66D8B}"
EndProject
Global
	GlobalSection(SolutionConfigurationPlatforms) = preSolution
		Debug|Any CPU = Debug|Any CPU
		Release|Any CPU = Release|Any CPU
	EndGlobalSection
	GlobalSection(ProjectConfigurationPlatforms) = postSolution
		{F29561EB-FE48-481F-AB74-3805D14D9568}.Debug|Any CPU.ActiveCfg = Debug|Any CPU
		{F29561EB-FE48-481F-AB74-3805D14D9568}.Debug|Any CPU.Build.0 = Debug|Any CPU
		{F29561EB-FE48-481F-AB74-3805D14D9568}.Release|Any CPU.ActiveCfg = Release|Any CPU
		{F29561EB-FE48-481F-AB74-3805D14D9568}.Release|Any CPU.Build.0 = Release|Any CPU
		{A7FFFE10-7611-48F3-9D68-B9337E929C69}.Debug|Any CPU.ActiveCfg = Debug|Any CPU
		{A7FFFE10-7611-48F3-9D68-B9337E929C69}.Debug|Any CPU.Build.0 = Debug|Any CPU
		{A7FFFE10-7611-48F3-9D68-B9337E929C69}.Release|Any CPU.ActiveCfg = Release|Any CPU
		{A7FFFE10-7611-48F3-9D68-B9337E929C69}.Release|Any CPU.Build.0 = Release|Any CPU
		{35483A02-4434-43CE-B158-0E6A7A649A0A}.Debug|Any CPU.ActiveCfg = Debug|Any CPU
		{35483A02-4434-43CE-B158-0E6A7A649A0A}.Debug|Any CPU.Build.0 = Debug|Any CPU
		{35483A02-4434-43CE-B158-0E6A7A649A0A}.Release|Any CPU.ActiveCfg = Release|Any CPU
		{35483A02-4434-43CE-B158-0E6A7A649A0A}.Release|Any CPU.Build.0 = Release|Any CPU
		{CFA3F2AC-B5E5-4EE9-97C5-A8DCBCF66D8B}.Debug|Any CPU.ActiveCfg = Debug|Any CPU
		{CFA3F2AC-B5E5-4EE9-97C5-A8DCBCF66D8B}.Debug|Any CPU.Build.0 = Debug|Any CPU
		{CFA3F2AC-B5E5-4EE9-97C5-A8DCBCF66D8B}.Release|Any CPU.ActiveCfg = Release|Any CPU
		{CFA3F2AC-B5E5-4EE9-97C5-A8DCBCF66D8B}.Release|Any CPU.Build.0 = Release|Any CPU
	EndGlobalSection
	GlobalSection(SolutionProperties) = preSolution
		HideSolutionNode = FALSE
	EndGlobalSection
	GlobalSection(ExtensibilityGlobals) = postSolution
		SolutionGuid = {D2489231-D474-4CC5-97FC-7864E62D0336}
	EndGlobalSection
EndGlobal
